
Microsoft Visual Studio Solution File, Format Version 12.00
# Visual Studio Version 17
VisualStudioVersion = 17.4.33205.214
MinimumVisualStudioVersion = 10.0.40219.1
Project("{9A19103F-16F7-4668-BE54-9A1E7A4F7556}") = "SQS.Get_Queue", "SQS.Get_Queue\SQS.Get_Queue.csproj", "{0F9D6776-425D-45AF-BB59-3F8B3BCE499C}"
EndProject
Global
	GlobalSection(SolutionConfigurationPlatforms) = preSolution
		Debug|Any CPU = Debug|Any CPU
		Release|Any CPU = Release|Any CPU
	EndGlobalSection
	GlobalSection(ProjectConfigurationPlatforms) = postSolution
		{0F9D6776-425D-45AF-BB59-3F8B3BCE499C}.Debug|Any CPU.ActiveCfg = Debug|Any CPU
		{0F9D6776-425D-45AF-BB59-3F8B3BCE499C}.Debug|Any CPU.Build.0 = Debug|Any CPU
		{0F9D6776-425D-45AF-BB59-3F8B3BCE499C}.Release|Any CPU.ActiveCfg = Release|Any CPU
		{0F9D6776-425D-45AF-BB59-3F8B3BCE499C}.Release|Any CPU.Build.0 = Release|Any CPU
	EndGlobalSection
	GlobalSection(SolutionProperties) = preSolution
		HideSolutionNode = FALSE
	EndGlobalSection
	GlobalSection(ExtensibilityGlobals) = postSolution
		SolutionGuid = {6E934008-42FE-46D3-A82A-68C37332101E}
	EndGlobalSection
EndGlobal
